
Microsoft Visual Studio Solution File, Format Version 12.00
# Visual Studio Version 17
VisualStudioVersion = 17.11.35327.3
MinimumVisualStudioVersion = 10.0.40219.1
Project("{8BC9CEB8-8B4A-11D0-8D11-00A0C91BC942}") = "gr2_PP_lab2", "gr2_PP_lab2.vcxproj", "{FDF5C547-471D-4952-BE2A-62BF29FB9716}"
EndProject
Global
	GlobalSection(SolutionConfigurationPlatforms) = preSolution
		Debug|x64 = Debug|x64
		Debug|x86 = Debug|x86
		Release|x64 = Release|x64
		Release|x86 = Release|x86
	EndGlobalSection
	GlobalSection(ProjectConfigurationPlatforms) = postSolution
		{FDF5C547-471D-4952-BE2A-62BF29FB9716}.Debug|x64.ActiveCfg = Debug|x64
		{FDF5C547-471D-4952-BE2A-62BF29FB9716}.Debug|x64.Build.0 = Debug|x64
		{FDF5C547-471D-4952-BE2A-62BF29FB9716}.Debug|x86.ActiveCfg = Debug|Win32
		{FDF5C547-471D-4952-BE2A-62BF29FB9716}.Debug|x86.Build.0 = Debug|Win32
		{FDF5C547-471D-4952-BE2A-62BF29FB9716}.Release|x64.ActiveCfg = Release|x64
		{FDF5C547-471D-4952-BE2A-62BF29FB9716}.Release|x64.Build.0 = Release|x64
		{FDF5C547-471D-4952-BE2A-62BF29FB9716}.Release|x86.ActiveCfg = Release|Win32
		{FDF5C547-471D-4952-BE2A-62BF29FB9716}.Release|x86.Build.0 = Release|Win32
	EndGlobalSection
	GlobalSection(SolutionProperties) = preSolution
		HideSolutionNode = FALSE
	EndGlobalSection
	GlobalSection(ExtensibilityGlobals) = postSolution
		SolutionGuid = {92912CE5-D26F-4831-AF05-417A8AC4ED78}
	EndGlobalSection
EndGlobal
